lockfileVersion: '6.0'

settings:
  autoInstallPeers: true
  excludeLinksFromLockfile: false

dependencies:
  phaser:
    specifier: ^3.90.0
    version: 3.90.0

devDependencies:
  '@types/node':
    specifier: ^20.10.5
    version: 20.17.53
  typescript:
    specifier: ^5.3.3
    version: 5.8.3
  vite:
    specifier: ^5.0.10
    version: 5.4.19(@types/node@20.17.53)
  vite-plugin-static-copy:
    specifier: ^1.0.6
    version: 1.0.6(vite@5.4.19)

packages:

  /@esbuild/aix-ppc64@0.21.5:
    resolution: {integrity: sha1-xxhKMmUz/N8bjuBzPiHHE7l1V18=, tarball: http://r.npm.sankuai.com/@esbuild/aix-ppc64/download/@esbuild/aix-ppc64-0.21.5.tgz}
    engines: {node: '>=12'}
    cpu: [ppc64]
    os: [aix]
    requiresBuild: true
    dev: true
    optional: true

  /@esbuild/android-arm64@0.21.5:
    resolution: {integrity: sha1-Cdm0NXeA2p6jp9+4M6Hx/0ObQFI=, tarball: http://r.npm.sankuai.com/@esbuild/android-arm64/download/@esbuild/android-arm64-0.21.5.tgz}
    engines: {node: '>=12'}
    cpu: [arm64]
    os: [android]
    requiresBuild: true
    dev: true
    optional: true

  /@esbuild/android-arm@0.21.5:
    resolution: {integrity: sha1-mwQ4T7dxkm36bXrQQyTssqubLig=, tarball: http://r.npm.sankuai.com/@esbuild/android-arm/download/@esbuild/android-arm-0.21.5.tgz}
    engines: {node: '>=12'}
    cpu: [arm]
    os: [android]
    requiresBuild: true
    dev: true
    optional: true

  /@esbuild/android-x64@0.21.5:
    resolution: {integrity: sha1-KZGOwtt1TO3LbBsE3ozWVHr2Rh4=, tarball: http://r.npm.sankuai.com/@esbuild/android-x64/download/@esbuild/android-x64-0.21.5.tgz}
    engines: {node: '>=12'}
    cpu: [x64]
    os: [android]
    requiresBuild: true
    dev: true
    optional: true

  /@esbuild/darwin-arm64@0.21.5:
    resolution: {integrity: sha1-5JW1OWYOUWkPOSivUKdvsKbM/yo=, tarball: http://r.npm.sankuai.com/@esbuild/darwin-arm64/download/@esbuild/darwin-arm64-0.21.5.tgz}
    engines: {node: '>=12'}
    cpu: [arm64]
    os: [darwin]
    requiresBuild: true
    dev: true
    optional: true

  /@esbuild/darwin-x64@0.21.5:
    resolution: {integrity: sha1-wTg4+lc3KDmr3dyR1xVCzuouHiI=, tarball: http://r.npm.sankuai.com/@esbuild/darwin-x64/download/@esbuild/darwin-x64-0.21.5.tgz}
    engines: {node: '>=12'}
    cpu: [x64]
    os: [darwin]
    requiresBuild: true
    dev: true
    optional: true

  /@esbuild/freebsd-arm64@0.21.5:
    resolution: {integrity: sha1-ZGuYmqIL+J/Qcd1dv61po1QuVQ4=, tarball: http://r.npm.sankuai.com/@esbuild/freebsd-arm64/download/@esbuild/freebsd-arm64-0.21.5.tgz}
    engines: {node: '>=12'}
    cpu: [arm64]
    os: [freebsd]
    requiresBuild: true
    dev: true
    optional: true

  /@esbuild/freebsd-x64@0.21.5:
    resolution: {integrity: sha1-qmFc/ICvlU00WJBuOMoiwYz1wmE=, tarball: http://r.npm.sankuai.com/@esbuild/freebsd-x64/download/@esbuild/freebsd-x64-0.21.5.tgz}
    engines: {node: '>=12'}
    cpu: [x64]
    os: [freebsd]
    requiresBuild: true
    dev: true
    optional: true

  /@esbuild/linux-arm64@0.21.5:
    resolution: {integrity: sha1-cKxvoU9ct+H3+Ie8/7aArQmSK1s=, tarball: http://r.npm.sankuai.com/@esbuild/linux-arm64/download/@esbuild/linux-arm64-0.21.5.tgz}
    engines: {node: '>=12'}
    cpu: [arm64]
    os: [linux]
    requiresBuild: true
    dev: true
    optional: true

  /@esbuild/linux-arm@0.21.5:
    resolution: {integrity: sha1-/G/RGorKVsH284lPK+oEefj2Jrk=, tarball: http://r.npm.sankuai.com/@esbuild/linux-arm/download/@esbuild/linux-arm-0.21.5.tgz}
    engines: {node: '>=12'}
    cpu: [arm]
    os: [linux]
    requiresBuild: true
    dev: true
    optional: true

  /@esbuild/linux-ia32@0.21.5:
    resolution: {integrity: sha1-MnH1Oz+T49CT1RjRZJ1taNNG7eI=, tarball: http://r.npm.sankuai.com/@esbuild/linux-ia32/download/@esbuild/linux-ia32-0.21.5.tgz}
    engines: {node: '>=12'}
    cpu: [ia32]
    os: [linux]
    requiresBuild: true
    dev: true
    optional: true

  /@esbuild/linux-loong64@0.21.5:
    resolution: {integrity: sha1-7WLgQjjFcCauqDHFoTC3PA+fJt8=, tarball: http://r.npm.sankuai.com/@esbuild/linux-loong64/download/@esbuild/linux-loong64-0.21.5.tgz}
    engines: {node: '>=12'}
    cpu: [loong64]
    os: [linux]
    requiresBuild: true
    dev: true
    optional: true

  /@esbuild/linux-mips64el@0.21.5:
    resolution: {integrity: sha1-55uOtIvzsQb63sGsgkD7l7TmTL4=, tarball: http://r.npm.sankuai.com/@esbuild/linux-mips64el/download/@esbuild/linux-mips64el-0.21.5.tgz}
    engines: {node: '>=12'}
    cpu: [mips64el]
    os: [linux]
    requiresBuild: true
    dev: true
    optional: true

  /@esbuild/linux-ppc64@0.21.5:
    resolution: {integrity: sha1-XyIDhgoUO5kZ04PvdXNSH7FUw+Q=, tarball: http://r.npm.sankuai.com/@esbuild/linux-ppc64/download/@esbuild/linux-ppc64-0.21.5.tgz}
    engines: {node: '>=12'}
    cpu: [ppc64]
    os: [linux]
    requiresBuild: true
    dev: true
    optional: true

  /@esbuild/linux-riscv64@0.21.5:
    resolution: {integrity: sha1-B7yv2ZMi1a9i9hjLnmqbf0u4Jdw=, tarball: http://r.npm.sankuai.com/@esbuild/linux-riscv64/download/@esbuild/linux-riscv64-0.21.5.tgz}
    engines: {node: '>=12'}
    cpu: [riscv64]
    os: [linux]
    requiresBuild: true
    dev: true
    optional: true

  /@esbuild/linux-s390x@0.21.5:
    resolution: {integrity: sha1-t8z2hnUdaj5EuGJ6uryL4+9i2N4=, tarball: http://r.npm.sankuai.com/@esbuild/linux-s390x/download/@esbuild/linux-s390x-0.21.5.tgz}
    engines: {node: '>=12'}
    cpu: [s390x]
    os: [linux]
    requiresBuild: true
    dev: true
    optional: true

  /@esbuild/linux-x64@0.21.5:
    resolution: {integrity: sha1-bY8Mdo4HDmQwmvgAS7lOaKsrs7A=, tarball: http://r.npm.sankuai.com/@esbuild/linux-x64/download/@esbuild/linux-x64-0.21.5.tgz}
    engines: {node: '>=12'}
    cpu: [x64]
    os: [linux]
    requiresBuild: true
    dev: true
    optional: true

  /@esbuild/netbsd-x64@0.21.5:
    resolution: {integrity: sha1-u+Qw9g03jsuI3sshnGAmZzh6YEc=, tarball: http://r.npm.sankuai.com/@esbuild/netbsd-x64/download/@esbuild/netbsd-x64-0.21.5.tgz}
    engines: {node: '>=12'}
    cpu: [x64]
    os: [netbsd]
    requiresBuild: true
    dev: true
    optional: true

  /@esbuild/openbsd-x64@0.21.5:
    resolution: {integrity: sha1-mdHPKTcnlWDSEEgh9czOIgyyr3A=, tarball: http://r.npm.sankuai.com/@esbuild/openbsd-x64/download/@esbuild/openbsd-x64-0.21.5.tgz}
    engines: {node: '>=12'}
    cpu: [x64]
    os: [openbsd]
    requiresBuild: true
    dev: true
    optional: true

  /@esbuild/sunos-x64@0.21.5:
    resolution: {integrity: sha1-CHQVEsENUpVmurqDe0/gUsjzSHs=, tarball: http://r.npm.sankuai.com/@esbuild/sunos-x64/download/@esbuild/sunos-x64-0.21.5.tgz}
    engines: {node: '>=12'}
    cpu: [x64]
    os: [sunos]
    requiresBuild: true
    dev: true
    optional: true

  /@esbuild/win32-arm64@0.21.5:
    resolution: {integrity: sha1-Z1tzhTmEESQHNQFhRKsumaYPx10=, tarball: http://r.npm.sankuai.com/@esbuild/win32-arm64/download/@esbuild/win32-arm64-0.21.5.tgz}
    engines: {node: '>=12'}
    cpu: [arm64]
    os: [win32]
    requiresBuild: true
    dev: true
    optional: true

  /@esbuild/win32-ia32@0.21.5:
    resolution: {integrity: sha1-G/w86YqmypoJaeTSr3IUTFnBGTs=, tarball: http://r.npm.sankuai.com/@esbuild/win32-ia32/download/@esbuild/win32-ia32-0.21.5.tgz}
    engines: {node: '>=12'}
    cpu: [ia32]
    os: [win32]
    requiresBuild: true
    dev: true
    optional: true

  /@esbuild/win32-x64@0.21.5:
    resolution: {integrity: sha1-rK01HVgtFXuxRVNdsqb/U91RS1w=, tarball: http://r.npm.sankuai.com/@esbuild/win32-x64/download/@esbuild/win32-x64-0.21.5.tgz}
    engines: {node: '>=12'}
    cpu: [x64]
    os: [win32]
    requiresBuild: true
    dev: true
    optional: true

  /@nodelib/fs.scandir@2.1.5:
    resolution: {integrity: sha1-dhnC6yGyVIP20WdUi0z9WnSIw9U=, tarball: http://r.npm.sankuai.com/@nodelib/fs.scandir/download/@nodelib/fs.scandir-2.1.5.tgz}
    engines: {node: '>= 8'}
    dependencies:
      '@nodelib/fs.stat': 2.0.5
      run-parallel: 1.2.0
    dev: true

  /@nodelib/fs.stat@2.0.5:
    resolution: {integrity: sha1-W9Jir5Tp0lvR5xsF3u1Eh2oiLos=, tarball: http://r.npm.sankuai.com/@nodelib/fs.stat/download/@nodelib/fs.stat-2.0.5.tgz}
    engines: {node: '>= 8'}
    dev: true

  /@nodelib/fs.walk@1.2.8:
    resolution: {integrity: sha1-6Vc36LtnRt3t9pxVaVNJTxlv5po=, tarball: http://r.npm.sankuai.com/@nodelib/fs.walk/download/@nodelib/fs.walk-1.2.8.tgz}
    engines: {node: '>= 8'}
    dependencies:
      '@nodelib/fs.scandir': 2.1.5
      fastq: 1.19.1
    dev: true

  /@rollup/rollup-android-arm-eabi@4.41.1:
    resolution: {integrity: sha1-858J9g1KVi3nJ8lg17ICos95dCQ=, tarball: http://r.npm.sankuai.com/@rollup/rollup-android-arm-eabi/download/@rollup/rollup-android-arm-eabi-4.41.1.tgz}
    cpu: [arm]
    os: [android]
    requiresBuild: true
    dev: true
    optional: true

  /@rollup/rollup-android-arm64@4.41.1:
    resolution: {integrity: sha1-0Zr34jdgcX8dh51Mo9LNJHdC3/I=, tarball: http://r.npm.sankuai.com/@rollup/rollup-android-arm64/download/@rollup/rollup-android-arm64-4.41.1.tgz}
    cpu: [arm64]
    os: [android]
    requiresBuild: true
    dev: true
    optional: true

  /@rollup/rollup-darwin-arm64@4.41.1:
    resolution: {integrity: sha1-HDovvyBdgGQXKOBfSlbJCelSGLc=, tarball: http://r.npm.sankuai.com/@rollup/rollup-darwin-arm64/download/@rollup/rollup-darwin-arm64-4.41.1.tgz}
    cpu: [arm64]
    os: [darwin]
    requiresBuild: true
    dev: true
    optional: true

  /@rollup/rollup-darwin-x64@4.41.1:
    resolution: {integrity: sha1-qmbSuhol5glQDhO+8G3A5xzAwNQ=, tarball: http://r.npm.sankuai.com/@rollup/rollup-darwin-x64/download/@rollup/rollup-darwin-x64-4.41.1.tgz}
    cpu: [x64]
    os: [darwin]
    requiresBuild: true
    dev: true
    optional: true

  /@rollup/rollup-freebsd-arm64@4.41.1:
    resolution: {integrity: sha1-3xCntjFqDvECjGynGggRJMU34w0=, tarball: http://r.npm.sankuai.com/@rollup/rollup-freebsd-arm64/download/@rollup/rollup-freebsd-arm64-4.41.1.tgz}
    cpu: [arm64]
    os: [freebsd]
    requiresBuild: true
    dev: true
    optional: true

  /@rollup/rollup-freebsd-x64@4.41.1:
    resolution: {integrity: sha1-o/3OigXpWwaMvLRuTfUYXkB9DDU=, tarball: http://r.npm.sankuai.com/@rollup/rollup-freebsd-x64/download/@rollup/rollup-freebsd-x64-4.41.1.tgz}
    cpu: [x64]
    os: [freebsd]
    requiresBuild: true
    dev: true
    optional: true

  /@rollup/rollup-linux-arm-gnueabihf@4.41.1:
    resolution: {integrity: sha1-SfdmxVODvQSYAUqddpJDSMLziQw=, tarball: http://r.npm.sankuai.com/@rollup/rollup-linux-arm-gnueabihf/download/@rollup/rollup-linux-arm-gnueabihf-4.41.1.tgz}
    cpu: [arm]
    os: [linux]
    libc: [glibc]
    requiresBuild: true
    dev: true
    optional: true

  /@rollup/rollup-linux-arm-musleabihf@4.41.1:
    resolution: {integrity: sha1-HU19MvxVfhfVLhhXgXOB6jZeKVk=, tarball: http://r.npm.sankuai.com/@rollup/rollup-linux-arm-musleabihf/download/@rollup/rollup-linux-arm-musleabihf-4.41.1.tgz}
    cpu: [arm]
    os: [linux]
    libc: [musl]
    requiresBuild: true
    dev: true
    optional: true

  /@rollup/rollup-linux-arm64-gnu@4.41.1:
    resolution: {integrity: sha1-9PwxcmhEHpWJ7a076PYrbAMAm8E=, tarball: http://r.npm.sankuai.com/@rollup/rollup-linux-arm64-gnu/download/@rollup/rollup-linux-arm64-gnu-4.41.1.tgz}
    cpu: [arm64]
    os: [linux]
    libc: [glibc]
    requiresBuild: true
    dev: true
    optional: true

  /@rollup/rollup-linux-arm64-musl@4.41.1:
    resolution: {integrity: sha1-Y6HxsGccsXgi2rroJ/7w5EOuvrc=, tarball: http://r.npm.sankuai.com/@rollup/rollup-linux-arm64-musl/download/@rollup/rollup-linux-arm64-musl-4.41.1.tgz}
    cpu: [arm64]
    os: [linux]
    libc: [musl]
    requiresBuild: true
    dev: true
    optional: true

  /@rollup/rollup-linux-loongarch64-gnu@4.41.1:
    resolution: {integrity: sha1-xlmwHMbAcwtUdXH8OXPh6VU2n5g=, tarball: http://r.npm.sankuai.com/@rollup/rollup-linux-loongarch64-gnu/download/@rollup/rollup-linux-loongarch64-gnu-4.41.1.tgz}
    cpu: [loong64]
    os: [linux]
    libc: [glibc]
    requiresBuild: true
    dev: true
    optional: true

  /@rollup/rollup-linux-powerpc64le-gnu@4.41.1:
    resolution: {integrity: sha1-YS50b5rX5YSA+WTWXg1sP0quaag=, tarball: http://r.npm.sankuai.com/@rollup/rollup-linux-powerpc64le-gnu/download/@rollup/rollup-linux-powerpc64le-gnu-4.41.1.tgz}
    cpu: [ppc64]
    os: [linux]
    libc: [glibc]
    requiresBuild: true
    dev: true
    optional: true

  /@rollup/rollup-linux-riscv64-gnu@4.41.1:
    resolution: {integrity: sha1-RhDb0dz7uuMvvBDCCuc4essxEQw=, tarball: http://r.npm.sankuai.com/@rollup/rollup-linux-riscv64-gnu/download/@rollup/rollup-linux-riscv64-gnu-4.41.1.tgz}
    cpu: [riscv64]
    os: [linux]
    libc: [glibc]
    requiresBuild: true
    dev: true
    optional: true

  /@rollup/rollup-linux-riscv64-musl@4.41.1:
    resolution: {integrity: sha1-BUkR+rQNyD+vwh5HAZPAWBCPGdg=, tarball: http://r.npm.sankuai.com/@rollup/rollup-linux-riscv64-musl/download/@rollup/rollup-linux-riscv64-musl-4.41.1.tgz}
    cpu: [riscv64]
    os: [linux]
    libc: [musl]
    requiresBuild: true
    dev: true
    optional: true

  /@rollup/rollup-linux-s390x-gnu@4.41.1:
    resolution: {integrity: sha1-mIluyoASVHx/BL0H6qaJaCX54aU=, tarball: http://r.npm.sankuai.com/@rollup/rollup-linux-s390x-gnu/download/@rollup/rollup-linux-s390x-gnu-4.41.1.tgz}
    cpu: [s390x]
    os: [linux]
    libc: [glibc]
    requiresBuild: true
    dev: true
    optional: true

  /@rollup/rollup-linux-x64-gnu@4.41.1:
    resolution: {integrity: sha1-Ac9WhEoeY27oDfs2TnLCtxQq2JY=, tarball: http://r.npm.sankuai.com/@rollup/rollup-linux-x64-gnu/download/@rollup/rollup-linux-x64-gnu-4.41.1.tgz}
    cpu: [x64]
    os: [linux]
    libc: [glibc]
    requiresBuild: true
    dev: true
    optional: true

  /@rollup/rollup-linux-x64-musl@4.41.1:
    resolution: {integrity: sha1-5nx1Md9t/wtMJBEB1AlmF/vKh8M=, tarball: http://r.npm.sankuai.com/@rollup/rollup-linux-x64-musl/download/@rollup/rollup-linux-x64-musl-4.41.1.tgz}
    cpu: [x64]
    os: [linux]
    libc: [musl]
    requiresBuild: true
    dev: true
    optional: true

  /@rollup/rollup-win32-arm64-msvc@4.41.1:
    resolution: {integrity: sha1-furamEROWAZ03mmJKE5Lqs1I6mU=, tarball: http://r.npm.sankuai.com/@rollup/rollup-win32-arm64-msvc/download/@rollup/rollup-win32-arm64-msvc-4.41.1.tgz}
    cpu: [arm64]
    os: [win32]
    requiresBuild: true
    dev: true
    optional: true

  /@rollup/rollup-win32-ia32-msvc@4.41.1:
    resolution: {integrity: sha1-UWxLVPgFh7SjkKr0lAtAhwJx010=, tarball: http://r.npm.sankuai.com/@rollup/rollup-win32-ia32-msvc/download/@rollup/rollup-win32-ia32-msvc-4.41.1.tgz}
    cpu: [ia32]
    os: [win32]
    requiresBuild: true
    dev: true
    optional: true

  /@rollup/rollup-win32-x64-msvc@4.41.1:
    resolution: {integrity: sha1-hI+ZsNmTbZIiG7YHC67/TbaUejA=, tarball: http://r.npm.sankuai.com/@rollup/rollup-win32-x64-msvc/download/@rollup/rollup-win32-x64-msvc-4.41.1.tgz}
    cpu: [x64]
    os: [win32]
    requiresBuild: true
    dev: true
    optional: true

  /@types/estree@1.0.7:
    resolution: {integrity: sha1-QVjTEFJ2dz1bdpXNSDSxci5PN6g=, tarball: http://r.npm.sankuai.com/@types/estree/download/@types/estree-1.0.7.tgz}
    dev: true

  /@types/node@20.17.53:
    resolution: {integrity: sha1-Y1RPJsxa0REhyGjaIgzsT/KzRsk=, tarball: http://r.npm.sankuai.com/@types/node/download/@types/node-20.17.53.tgz}
    dependencies:
      undici-types: 6.19.8
    dev: true

  /anymatch@3.1.3:
    resolution: {integrity: sha1-eQxYsZuhcgqEIFtXxhjVrYUklz4=, tarball: http://r.npm.sankuai.com/anymatch/download/anymatch-3.1.3.tgz}
    engines: {node: '>= 8'}
    dependencies:
      normalize-path: 3.0.0
      picomatch: 2.3.1
    dev: true

  /binary-extensions@2.3.0:
    resolution: {integrity: sha1-9uFKl4WNMnJSIAJC1Mz+UixEVSI=, tarball: http://r.npm.sankuai.com/binary-extensions/download/binary-extensions-2.3.0.tgz}
    engines: {node: '>=8'}
    dev: true

  /braces@3.0.3:
    resolution: {integrity: sha1-SQMy9AkZRSJy1VqEgK3AxEE1h4k=, tarball: http://r.npm.sankuai.com/braces/download/braces-3.0.3.tgz}
    engines: {node: '>=8'}
    dependencies:
      fill-range: 7.1.1
    dev: true

  /chokidar@3.6.0:
    resolution: {integrity: sha1-GXxsxmnvKo3F57TZfuTgksPrDVs=, tarball: http://r.npm.sankuai.com/chokidar/download/chokidar-3.6.0.tgz}
    engines: {node: '>= 8.10.0'}
    dependencies:
      anymatch: 3.1.3
      braces: 3.0.3
      glob-parent: 5.1.2
      is-binary-path: 2.1.0
      is-glob: 4.0.3
      normalize-path: 3.0.0
      readdirp: 3.6.0
    optionalDependencies:
      fsevents: 2.3.3
    dev: true

  /esbuild@0.21.5:
    resolution: {integrity: sha1-nKMBsSCSKVm3ZjYNisgw2g0CmX0=, tarball: http://r.npm.sankuai.com/esbuild/download/esbuild-0.21.5.tgz}
    engines: {node: '>=12'}
    hasBin: true
    requiresBuild: true
    optionalDependencies:
      '@esbuild/aix-ppc64': 0.21.5
      '@esbuild/android-arm': 0.21.5
      '@esbuild/android-arm64': 0.21.5
      '@esbuild/android-x64': 0.21.5
      '@esbuild/darwin-arm64': 0.21.5
      '@esbuild/darwin-x64': 0.21.5
      '@esbuild/freebsd-arm64': 0.21.5
      '@esbuild/freebsd-x64': 0.21.5
      '@esbuild/linux-arm': 0.21.5
      '@esbuild/linux-arm64': 0.21.5
      '@esbuild/linux-ia32': 0.21.5
      '@esbuild/linux-loong64': 0.21.5
      '@esbuild/linux-mips64el': 0.21.5
      '@esbuild/linux-ppc64': 0.21.5
      '@esbuild/linux-riscv64': 0.21.5
      '@esbuild/linux-s390x': 0.21.5
      '@esbuild/linux-x64': 0.21.5
      '@esbuild/netbsd-x64': 0.21.5
      '@esbuild/openbsd-x64': 0.21.5
      '@esbuild/sunos-x64': 0.21.5
      '@esbuild/win32-arm64': 0.21.5
      '@esbuild/win32-ia32': 0.21.5
      '@esbuild/win32-x64': 0.21.5
    dev: true

  /eventemitter3@5.0.1:
    resolution: {integrity: sha1-U/X/0KSSrIAHIbtCxmuEHelkI8Q=, tarball: http://r.npm.sankuai.com/eventemitter3/download/eventemitter3-5.0.1.tgz}
    dev: false

  /fast-glob@3.3.3:
    resolution: {integrity: sha1-0G1YXOjbqQoWsFBcVDw8z7OuuBg=, tarball: http://r.npm.sankuai.com/fast-glob/download/fast-glob-3.3.3.tgz}
    engines: {node: '>=8.6.0'}
    dependencies:
      '@nodelib/fs.stat': 2.0.5
      '@nodelib/fs.walk': 1.2.8
      glob-parent: 5.1.2
      merge2: 1.4.1
      micromatch: 4.0.8
    dev: true

  /fastq@1.19.1:
    resolution: {integrity: sha1-1Q6rqAPIhGqIPBZJKCHrzSzaVfU=, tarball: http://r.npm.sankuai.com/fastq/download/fastq-1.19.1.tgz}
    dependencies:
      reusify: 1.1.0
    dev: true

  /fill-range@7.1.1:
    resolution: {integrity: sha1-RCZdPKwH4+p9wkdRY4BkN1SgUpI=, tarball: http://r.npm.sankuai.com/fill-range/download/fill-range-7.1.1.tgz}
    engines: {node: '>=8'}
    dependencies:
      to-regex-range: 5.0.1
    dev: true

  /fs-extra@11.3.0:
    resolution: {integrity: sha1-DaztE2u69lpVWjJnGa+TGtx6MU0=, tarball: http://r.npm.sankuai.com/fs-extra/download/fs-extra-11.3.0.tgz}
    engines: {node: '>=14.14'}
    dependencies:
      graceful-fs: 4.2.11
      jsonfile: 6.1.0
      universalify: 2.0.1
    dev: true

  /fsevents@2.3.3:
    resolution: {integrity: sha1-ysZAd4XQNnWipeGlMFxpezR9kNY=, tarball: http://r.npm.sankuai.com/fsevents/download/fsevents-2.3.3.tgz}
    engines: {node: ^8.16.0 || ^10.6.0 || >=11.0.0}
    os: [darwin]
    requiresBuild: true
    dev: true
    optional: true

  /glob-parent@5.1.2:
    resolution: {integrity: sha1-hpgyxYA0/mikCTwX3BXoNA2EAcQ=, tarball: http://r.npm.sankuai.com/glob-parent/download/glob-parent-5.1.2.tgz}
    engines: {node: '>= 6'}
    dependencies:
      is-glob: 4.0.3
    dev: true

  /graceful-fs@4.2.11:
    resolution: {integrity: sha1-QYPk6L8Iu24Fu7L30uDI9xLKQOM=, tarball: http://r.npm.sankuai.com/graceful-fs/download/graceful-fs-4.2.11.tgz}
    dev: true

  /is-binary-path@2.1.0:
    resolution: {integrity: sha1-6h9/O4DwZCNug0cPhsCcJU+0Wwk=, tarball: http://r.npm.sankuai.com/is-binary-path/download/is-binary-path-2.1.0.tgz}
    engines: {node: '>=8'}
    dependencies:
      binary-extensions: 2.3.0
    dev: true

  /is-extglob@2.1.1:
    resolution: {integrity: sha1-qIwCU1eR8C7TfHahueqXc8gz+MI=, tarball: http://r.npm.sankuai.com/is-extglob/download/is-extglob-2.1.1.tgz}
    engines: {node: '>=0.10.0'}
    dev: true

  /is-glob@4.0.3:
    resolution: {integrity: sha1-ZPYeQsu7LuwgcanawLKLoeZdUIQ=, tarball: http://r.npm.sankuai.com/is-glob/download/is-glob-4.0.3.tgz}
    engines: {node: '>=0.10.0'}
    dependencies:
      is-extglob: 2.1.1
    dev: true

  /is-number@7.0.0:
    resolution: {integrity: sha1-dTU0W4lnNNX4DE0GxQlVUnoU8Ss=, tarball: http://r.npm.sankuai.com/is-number/download/is-number-7.0.0.tgz}
    engines: {node: '>=0.12.0'}
    dev: true

  /jsonfile@6.1.0:
    resolution: {integrity: sha1-vFWyY0eTxnnsZAMJTrE2mKbsCq4=, tarball: http://r.npm.sankuai.com/jsonfile/download/jsonfile-6.1.0.tgz}
    dependencies:
      universalify: 2.0.1
    optionalDependencies:
      graceful-fs: 4.2.11
    dev: true

  /merge2@1.4.1:
    resolution: {integrity: sha1-Q2iJL4hekHRVpv19xVwMnUBJkK4=, tarball: http://r.npm.sankuai.com/merge2/download/merge2-1.4.1.tgz}
    engines: {node: '>= 8'}
    dev: true

  /micromatch@4.0.8:
    resolution: {integrity: sha1-1m+hjzpHB2eJMgubGvMr2G2fogI=, tarball: http://r.npm.sankuai.com/micromatch/download/micromatch-4.0.8.tgz}
    engines: {node: '>=8.6'}
    dependencies:
      braces: 3.0.3
      picomatch: 2.3.1
    dev: true

  /nanoid@3.3.11:
    resolution: {integrity: sha1-T08RLO++MDIC8hmYOBKJNiZtGFs=, tarball: http://r.npm.sankuai.com/nanoid/download/nanoid-3.3.11.tgz}
    engines: {node: ^10 || ^12 || ^13.7 || ^14 || >=15.0.1}
    hasBin: true
    dev: true

  /normalize-path@3.0.0:
    resolution: {integrity: sha1-Dc1p/yOhybEf0JeDFmRKA4ghamU=, tarball: http://r.npm.sankuai.com/normalize-path/download/normalize-path-3.0.0.tgz}
    engines: {node: '>=0.10.0'}
    dev: true

  /phaser@3.90.0:
    resolution: {integrity: sha1-ooGy5eZ+w2OMv3PqO7/nK1LE594=, tarball: http://r.npm.sankuai.com/phaser/download/phaser-3.90.0.tgz}
    dependencies:
      eventemitter3: 5.0.1
    dev: false

  /picocolors@1.1.1:
    resolution: {integrity: sha1-PTIa8+q5ObCDyPkpodEs2oHCa2s=, tarball: http://r.npm.sankuai.com/picocolors/download/picocolors-1.1.1.tgz}
    dev: true

  /picomatch@2.3.1:
    resolution: {integrity: sha1-O6ODNzNkbZ0+SZWUbBNlpn+wekI=, tarball: http://r.npm.sankuai.com/picomatch/download/picomatch-2.3.1.tgz}
    engines: {node: '>=8.6'}
    dev: true

  /postcss@8.5.3:
    resolution: {integrity: sha1-FGO28cf7Fv4lhzbLopot41I36vs=, tarball: http://r.npm.sankuai.com/postcss/download/postcss-8.5.3.tgz}
    engines: {node: ^10 || ^12 || >=14}
    dependencies:
      nanoid: 3.3.11
      picocolors: 1.1.1
      source-map-js: 1.2.1
    dev: true

  /queue-microtask@1.2.3:
    resolution: {integrity: sha1-SSkii7xyTfrEPg77BYyve2z7YkM=, tarball: http://r.npm.sankuai.com/queue-microtask/download/queue-microtask-1.2.3.tgz}
    dev: true

  /readdirp@3.6.0:
    resolution: {integrity: sha1-dKNwvYVxFuJFspzJc0DNQxoCpsc=, tarball: http://r.npm.sankuai.com/readdirp/download/readdirp-3.6.0.tgz}
    engines: {node: '>=8.10.0'}
    dependencies:
      picomatch: 2.3.1
    dev: true

  /reusify@1.1.0:
    resolution: {integrity: sha1-D+E7lSLhRz9RtVjueW4I8R+bSJ8=, tarball: http://r.npm.sankuai.com/reusify/download/reusify-1.1.0.tgz}
    engines: {iojs: '>=1.0.0', node: '>=0.10.0'}
    dev: true

  /rollup@4.41.1:
    resolution: {integrity: sha1-Rt3BszzxsLqpkyDTsLSXPcIlO2o=, tarball: http://r.npm.sankuai.com/rollup/download/rollup-4.41.1.tgz}
    engines: {node: '>=18.0.0', npm: '>=8.0.0'}
    hasBin: true
    dependencies:
      '@types/estree': 1.0.7
    optionalDependencies:
      '@rollup/rollup-android-arm-eabi': 4.41.1
      '@rollup/rollup-android-arm64': 4.41.1
      '@rollup/rollup-darwin-arm64': 4.41.1
      '@rollup/rollup-darwin-x64': 4.41.1
      '@rollup/rollup-freebsd-arm64': 4.41.1
      '@rollup/rollup-freebsd-x64': 4.41.1
      '@rollup/rollup-linux-arm-gnueabihf': 4.41.1
      '@rollup/rollup-linux-arm-musleabihf': 4.41.1
      '@rollup/rollup-linux-arm64-gnu': 4.41.1
      '@rollup/rollup-linux-arm64-musl': 4.41.1
      '@rollup/rollup-linux-loongarch64-gnu': 4.41.1
      '@rollup/rollup-linux-powerpc64le-gnu': 4.41.1
      '@rollup/rollup-linux-riscv64-gnu': 4.41.1
      '@rollup/rollup-linux-riscv64-musl': 4.41.1
      '@rollup/rollup-linux-s390x-gnu': 4.41.1
      '@rollup/rollup-linux-x64-gnu': 4.41.1
      '@rollup/rollup-linux-x64-musl': 4.41.1
      '@rollup/rollup-win32-arm64-msvc': 4.41.1
      '@rollup/rollup-win32-ia32-msvc': 4.41.1
      '@rollup/rollup-win32-x64-msvc': 4.41.1
      fsevents: 2.3.3
    dev: true

  /run-parallel@1.2.0:
    resolution: {integrity: sha1-ZtE2jae9+SHrnZW9GpIp5/IaQ+4=, tarball: http://r.npm.sankuai.com/run-parallel/download/run-parallel-1.2.0.tgz}
    dependencies:
      queue-microtask: 1.2.3
    dev: true

  /source-map-js@1.2.1:
    resolution: {integrity: sha1-HOVlD93YerwJnto33P8CTCZnrkY=, tarball: http://r.npm.sankuai.com/source-map-js/download/source-map-js-1.2.1.tgz}
    engines: {node: '>=0.10.0'}
    dev: true

  /to-regex-range@5.0.1:
    resolution: {integrity: sha1-FkjESq58jZiKMmAY7XL1tN0DkuQ=, tarball: http://r.npm.sankuai.com/to-regex-range/download/to-regex-range-5.0.1.tgz}
    engines: {node: '>=8.0'}
    dependencies:
      is-number: 7.0.0
    dev: true

  /typescript@5.8.3:
    resolution: {integrity: sha1-kvij5ePPSXNW9BeMNM1lp/XoRA4=, tarball: http://r.npm.sankuai.com/typescript/download/typescript-5.8.3.tgz}
    engines: {node: '>=14.17'}
    hasBin: true
    dev: true

  /undici-types@6.19.8:
    resolution: {integrity: sha1-NREcnRQ3q4OnzcCrri8m2I7aCgI=, tarball: http://r.npm.sankuai.com/undici-types/download/undici-types-6.19.8.tgz}
    dev: true

  /universalify@2.0.1:
    resolution: {integrity: sha1-Fo78IYCWTmOG0GHglN9hr+I5sY0=, tarball: http://r.npm.sankuai.com/universalify/download/universalify-2.0.1.tgz}
    engines: {node: '>= 10.0.0'}
    dev: true

  /vite-plugin-static-copy@1.0.6(vite@5.4.19):
    resolution: {integrity: sha1-/0V8FujPpWRHKq/RaYeQrInQVQg=, tarball: http://r.npm.sankuai.com/vite-plugin-static-copy/download/vite-plugin-static-copy-1.0.6.tgz}
    engines: {node: ^18.0.0 || >=20.0.0}
    peerDependencies:
      vite: ^5.0.0
    dependencies:
      chokidar: 3.6.0
      fast-glob: 3.3.3
      fs-extra: 11.3.0
      picocolors: 1.1.1
      vite: 5.4.19(@types/node@20.17.53)
    dev: true

  /vite@5.4.19(@types/node@20.17.53):
    resolution: {integrity: sha1-IO/QYEEARLPtVVBJQYpefRmY+Vk=, tarball: http://r.npm.sankuai.com/vite/download/vite-5.4.19.tgz}
    engines: {node: ^18.0.0 || >=20.0.0}
    hasBin: true
    peerDependencies:
      '@types/node': ^18.0.0 || >=20.0.0
      less: '*'
      lightningcss: ^1.21.0
      sass: '*'
      sass-embedded: '*'
      stylus: '*'
      sugarss: '*'
      terser: ^5.4.0
    peerDependenciesMeta:
      '@types/node':
        optional: true
      less:
        optional: true
      lightningcss:
        optional: true
      sass:
        optional: true
      sass-embedded:
        optional: true
      stylus:
        optional: true
      sugarss:
        optional: true
      terser:
        optional: true
    dependencies:
      '@types/node': 20.17.53
      esbuild: 0.21.5
      postcss: 8.5.3
      rollup: 4.41.1
    optionalDependencies:
      fsevents: 2.3.3
    dev: true
